
Microsoft Visual Studio Solution File, Format Version 12.00
# Visual Studio Version 16
VisualStudioVersion = 16.0.29409.12
MinimumVisualStudioVersion = 10.0.40219.1
Project("{FAE04EC0-301F-11D3-BF4B-00C04F79EFBC}") = "chatapp", "chatapp\chatapp.csproj", "{55D0F51F-FD15-4DB3-86CB-496874BA770F}"
EndProject
Global
	GlobalSection(SolutionConfigurationPlatforms) = preSolution
		Debug|Any CPU = Debug|Any CPU
		Release|Any CPU = Release|Any CPU
	EndGlobalSection
	GlobalSection(ProjectConfigurationPlatforms) = postSolution
		{55D0F51F-FD15-4DB3-86CB-496874BA770F}.Debug|Any CPU.ActiveCfg = Debug|Any CPU
		{55D0F51F-FD15-4DB3-86CB-496874BA770F}.Debug|Any CPU.Build.0 = Debug|Any CPU
		{55D0F51F-FD15-4DB3-86CB-496874BA770F}.Release|Any CPU.ActiveCfg = Release|Any CPU
		{55D0F51F-FD15-4DB3-86CB-496874BA770F}.Release|Any CPU.Build.0 = Release|Any CPU
	EndGlobalSection
	GlobalSection(SolutionProperties) = preSolution
		HideSolutionNode = FALSE
	EndGlobalSection
	GlobalSection(ExtensibilityGlobals) = postSolution
		SolutionGuid = {E30B9C9A-8E5B-444B-AF88-03B886BBF26E}
	EndGlobalSection
EndGlobal
